{"filter":false,"title":"Gemfile.lock","tooltip":"/pre-learning/RSpec/rspec_app/Gemfile.lock","undoManager":{"mark":-1,"position":-1,"stack":[]},"ace":{"folds":[],"scrolltop":420,"scrollleft":0,"selection":{"start":{"row":0,"column":0},"end":{"row":0,"column":0},"isBackwards":false},"options":{"guessTabSize":true,"useWrapMode":false,"wrapToView":true},"firstLineState":{"row":29,"state":"start","mode":"ace/mode/text"}},"timestamp":1612806505209,"hash":"b72d02ef6e81514aebf99e521bfd72a3aded14f5"}